// !$*UTF8*$!
{
	archiveVersion = 1;
	classes = {
	};
	objectVersion = 56;
	objects = {

/* Begin PBXBuildFile section */
		6E36A3612B12F14600D546F5 /* jobSearchResumeApp.swift in Sources */ = {isa = PBXBuildFile; fileRef = 6E36A3602B12F14600D546F5 /* jobSearchResumeApp.swift */; };
		6E36A3652B12F14800D546F5 /* Assets.xcassets in Resources */ = {isa = PBXBuildFile; fileRef = 6E36A3642B12F14800D546F5 /* Assets.xcassets */; };
		6E36A3682B12F14800D546F5 /* Preview Assets.xcassets in Resources */ = {isa = PBXBuildFile; fileRef = 6E36A3672B12F14800D546F5 /* Preview Assets.xcassets */; };
		6E36A3772B12F40200D546F5 /* JobListingsResponse.swift in Sources */ = {isa = PBXBuildFile; fileRef = 6E36A36E2B12F40200D546F5 /* JobListingsResponse.swift */; };
		6E36A3782B12F40200D546F5 /* JobListingListView.swift in Sources */ = {isa = PBXBuildFile; fileRef = 6E36A36F2B12F40200D546F5 /* JobListingListView.swift */; };
		6E36A37A2B12F40200D546F5 /* JobListing.swift in Sources */ = {isa = PBXBuildFile; fileRef = 6E36A3712B12F40200D546F5 /* JobListing.swift */; };
		6E36A37C2B12F40200D546F5 /* JobDetailsView.swift in Sources */ = {isa = PBXBuildFile; fileRef = 6E36A3732B12F40200D546F5 /* JobDetailsView.swift */; };
		6E36A37D2B12F40200D546F5 /* jobSearchAPI.swift in Sources */ = {isa = PBXBuildFile; fileRef = 6E36A3742B12F40200D546F5 /* jobSearchAPI.swift */; };
		6E36A37E2B12F40200D546F5 /* SearchBarView.swift in Sources */ = {isa = PBXBuildFile; fileRef = 6E36A3752B12F40200D546F5 /* SearchBarView.swift */; };
		6E4AD81C2B1C392B00147F4B /* jobSearchResumeTests.swift in Sources */ = {isa = PBXBuildFile; fileRef = 6E4AD81B2B1C392B00147F4B /* jobSearchResumeTests.swift */; };
		6E4AD8262B1C4EFE00147F4B /* ChatGPT.swift in Sources */ = {isa = PBXBuildFile; fileRef = 6E4FF4A42B1C202A00FC4219 /* ChatGPT.swift */; };
		6E4FF4912B19484B00FC4219 /* ResumeModel.swift in Sources */ = {isa = PBXBuildFile; fileRef = 6E4FF4902B19484B00FC4219 /* ResumeModel.swift */; };
		6E4FF4952B197D2800FC4219 /* ResumeParser.swift in Sources */ = {isa = PBXBuildFile; fileRef = 6E4FF4942B197D2800FC4219 /* ResumeParser.swift */; };
		6E4FF4972B197D5F00FC4219 /* UploadFile.swift in Sources */ = {isa = PBXBuildFile; fileRef = 6E4FF4962B197D5F00FC4219 /* UploadFile.swift */; };
		6E4FF4A12B19A8EB00FC4219 /* ContentView.swift in Sources */ = {isa = PBXBuildFile; fileRef = 6E4FF4A02B19A8EB00FC4219 /* ContentView.swift */; };
/* End PBXBuildFile section */

/* Begin PBXContainerItemProxy section */
		6E4AD81D2B1C392B00147F4B /* PBXContainerItemProxy */ = {
			isa = PBXContainerItemProxy;
			containerPortal = 6E36A3552B12F14600D546F5 /* Project object */;
			proxyType = 1;
			remoteGlobalIDString = 6E36A35C2B12F14600D546F5;
			remoteInfo = jobSearchResume;
		};
/* End PBXContainerItemProxy section */

/* Begin PBXCopyFilesBuildPhase section */
		6E4FF4BB2B1C20D700FC4219 /* Embed Foundation Extensions */ = {
			isa = PBXCopyFilesBuildPhase;
			buildActionMask = 2147483647;
			dstPath = "";
			dstSubfolderSpec = 13;
			files = (
			);
			name = "Embed Foundation Extensions";
			runOnlyForDeploymentPostprocessing = 0;
		};
/* End PBXCopyFilesBuildPhase section */

/* Begin PBXFileReference section */
		6E36A35D2B12F14600D546F5 /* jobSearchResume.app */ = {isa = PBXFileReference; explicitFileType = wrapper.application; includeInIndex = 0; path = jobSearchResume.app; sourceTree = BUILT_PRODUCTS_DIR; };
		6E36A3602B12F14600D546F5 /* jobSearchResumeApp.swift */ = {isa = PBXFileReference; lastKnownFileType = sourcecode.swift; path = jobSearchResumeApp.swift; sourceTree = "<group>"; };
		6E36A3642B12F14800D546F5 /* Assets.xcassets */ = {isa = PBXFileReference; lastKnownFileType = folder.assetcatalog; path = Assets.xcassets; sourceTree = "<group>"; };
		6E36A3672B12F14800D546F5 /* Preview Assets.xcassets */ = {isa = PBXFileReference; lastKnownFileType = folder.assetcatalog; path = "Preview Assets.xcassets"; sourceTree = "<group>"; };
		6E36A36E2B12F40200D546F5 /* JobListingsResponse.swift */ = {isa = PBXFileReference; fileEncoding = 4; lastKnownFileType = sourcecode.swift; path = JobListingsResponse.swift; sourceTree = "<group>"; };
		6E36A36F2B12F40200D546F5 /* JobListingListView.swift */ = {isa = PBXFileReference; fileEncoding = 4; lastKnownFileType = sourcecode.swift; path = JobListingListView.swift; sourceTree = "<group>"; };
		6E36A3712B12F40200D546F5 /* JobListing.swift */ = {isa = PBXFileReference; fileEncoding = 4; lastKnownFileType = sourcecode.swift; path = JobListing.swift; sourceTree = "<group>"; };
		6E36A3732B12F40200D546F5 /* JobDetailsView.swift */ = {isa = PBXFileReference; fileEncoding = 4; lastKnownFileType = sourcecode.swift; path = JobDetailsView.swift; sourceTree = "<group>"; };
		6E36A3742B12F40200D546F5 /* jobSearchAPI.swift */ = {isa = PBXFileReference; fileEncoding = 4; lastKnownFileType = sourcecode.swift; path = jobSearchAPI.swift; sourceTree = "<group>"; };
		6E36A3752B12F40200D546F5 /* SearchBarView.swift */ = {isa = PBXFileReference; fileEncoding = 4; lastKnownFileType = sourcecode.swift; path = SearchBarView.swift; sourceTree = "<group>"; };
		6E4AD8192B1C392B00147F4B /* jobSearchResumeTests.xctest */ = {isa = PBXFileReference; explicitFileType = wrapper.cfbundle; includeInIndex = 0; path = jobSearchResumeTests.xctest; sourceTree = BUILT_PRODUCTS_DIR; };
		6E4AD81B2B1C392B00147F4B /* jobSearchResumeTests.swift */ = {isa = PBXFileReference; lastKnownFileType = sourcecode.swift; path = jobSearchResumeTests.swift; sourceTree = "<group>"; };
		6E4FF4902B19484B00FC4219 /* ResumeModel.swift */ = {isa = PBXFileReference; lastKnownFileType = sourcecode.swift; path = ResumeModel.swift; sourceTree = "<group>"; };
		6E4FF4942B197D2800FC4219 /* ResumeParser.swift */ = {isa = PBXFileReference; lastKnownFileType = sourcecode.swift; path = ResumeParser.swift; sourceTree = "<group>"; };
		6E4FF4962B197D5F00FC4219 /* UploadFile.swift */ = {isa = PBXFileReference; lastKnownFileType = sourcecode.swift; path = UploadFile.swift; sourceTree = "<group>"; };
		6E4FF4A02B19A8EB00FC4219 /* ContentView.swift */ = {isa = PBXFileReference; fileEncoding = 4; lastKnownFileType = sourcecode.swift; path = ContentView.swift; sourceTree = "<group>"; };
		6E4FF4A42B1C202A00FC4219 /* ChatGPT.swift */ = {isa = PBXFileReference; lastKnownFileType = sourcecode.swift; path = ChatGPT.swift; sourceTree = "<group>"; };
		6E4FF4AC2B1C20D600FC4219 /* AuthenticationServices.framework */ = {isa = PBXFileReference; lastKnownFileType = wrapper.framework; name = AuthenticationServices.framework; path = System/Library/Frameworks/AuthenticationServices.framework; sourceTree = SDKROOT; };
/* End PBXFileReference section */

/* Begin PBXFrameworksBuildPhase section */
		6E36A35A2B12F14600D546F5 /* Frameworks */ = {
			isa = PBXFrameworksBuildPhase;
			buildActionMask = 2147483647;
			files = (
			);
			runOnlyForDeploymentPostprocessing = 0;
		};
		6E4AD8162B1C392B00147F4B /* Frameworks */ = {
			isa = PBXFrameworksBuildPhase;
			buildActionMask = 2147483647;
			files = (
			);
			runOnlyForDeploymentPostprocessing = 0;
		};
/* End PBXFrameworksBuildPhase section */

/* Begin PBXGroup section */
		6E36A3542B12F14600D546F5 = {
			isa = PBXGroup;
			children = (
				6E36A35F2B12F14600D546F5 /* jobSearchResume */,
				6E4AD81A2B1C392B00147F4B /* jobSearchResumeTests */,
				6E4FF4AB2B1C20D600FC4219 /* Frameworks */,
				6E36A35E2B12F14600D546F5 /* Products */,
			);
			sourceTree = "<group>";
		};
		6E36A35E2B12F14600D546F5 /* Products */ = {
			isa = PBXGroup;
			children = (
				6E36A35D2B12F14600D546F5 /* jobSearchResume.app */,
				6E4AD8192B1C392B00147F4B /* jobSearchResumeTests.xctest */,
			);
			name = Products;
			sourceTree = "<group>";
		};
		6E36A35F2B12F14600D546F5 /* jobSearchResume */ = {
			isa = PBXGroup;
			children = (
				6E4FF49A2B1993C600FC4219 /* SearchByJobs */,
				6E4FF49B2B1993FE00FC4219 /* SearchByResume */,
				6E4FF4A02B19A8EB00FC4219 /* ContentView.swift */,
				6E36A3642B12F14800D546F5 /* Assets.xcassets */,
				6E36A3662B12F14800D546F5 /* Preview Content */,
			);
			path = jobSearchResume;
			sourceTree = "<group>";
		};
		6E36A3662B12F14800D546F5 /* Preview Content */ = {
			isa = PBXGroup;
			children = (
				6E36A3672B12F14800D546F5 /* Preview Assets.xcassets */,
			);
			path = "Preview Content";
			sourceTree = "<group>";
		};
		6E4AD81A2B1C392B00147F4B /* jobSearchResumeTests */ = {
			isa = PBXGroup;
			children = (
				6E4AD81B2B1C392B00147F4B /* jobSearchResumeTests.swift */,
			);
			path = jobSearchResumeTests;
			sourceTree = "<group>";
		};
		6E4FF49A2B1993C600FC4219 /* SearchByJobs */ = {
			isa = PBXGroup;
			children = (
				6E36A3712B12F40200D546F5 /* JobListing.swift */,
				6E36A3732B12F40200D546F5 /* JobDetailsView.swift */,
				6E36A36E2B12F40200D546F5 /* JobListingsResponse.swift */,
				6E36A36F2B12F40200D546F5 /* JobListingListView.swift */,
				6E36A3742B12F40200D546F5 /* jobSearchAPI.swift */,
				6E36A3752B12F40200D546F5 /* SearchBarView.swift */,
				6E36A3602B12F14600D546F5 /* jobSearchResumeApp.swift */,
			);
			path = SearchByJobs;
			sourceTree = "<group>";
		};
		6E4FF49B2B1993FE00FC4219 /* SearchByResume */ = {
			isa = PBXGroup;
			children = (
				6E4FF4902B19484B00FC4219 /* ResumeModel.swift */,
				6E4FF4962B197D5F00FC4219 /* UploadFile.swift */,
				6E4FF4942B197D2800FC4219 /* ResumeParser.swift */,
				6E4FF4A42B1C202A00FC4219 /* ChatGPT.swift */,
			);
			path = SearchByResume;
			sourceTree = "<group>";
		};
		6E4FF4AB2B1C20D600FC4219 /* Frameworks */ = {
			isa = PBXGroup;
			children = (
				6E4FF4AC2B1C20D600FC4219 /* AuthenticationServices.framework */,
			);
			name = Frameworks;
			sourceTree = "<group>";
		};
/* End PBXGroup section */

/* Begin PBXNativeTarget section */
		6E36A35C2B12F14600D546F5 /* jobSearchResume */ = {
			isa = PBXNativeTarget;
			buildConfigurationList = 6E36A36B2B12F14800D546F5 /* Build configuration list for PBXNativeTarget "jobSearchResume" */;
			buildPhases = (
				6E36A3592B12F14600D546F5 /* Sources */,
				6E36A35A2B12F14600D546F5 /* Frameworks */,
				6E36A35B2B12F14600D546F5 /* Resources */,
				6E4FF4BB2B1C20D700FC4219 /* Embed Foundation Extensions */,
			);
			buildRules = (
			);
			dependencies = (
			);
			name = jobSearchResume;
			productName = jobSearchResume;
			productReference = 6E36A35D2B12F14600D546F5 /* jobSearchResume.app */;
			productType = "com.apple.product-type.application";
		};
		6E4AD8182B1C392B00147F4B /* jobSearchResumeTests */ = {
			isa = PBXNativeTarget;
			buildConfigurationList = 6E4AD81F2B1C392B00147F4B /* Build configuration list for PBXNativeTarget "jobSearchResumeTests" */;
			buildPhases = (
				6E4AD8152B1C392B00147F4B /* Sources */,
				6E4AD8162B1C392B00147F4B /* Frameworks */,
				6E4AD8172B1C392B00147F4B /* Resources */,
			);
			buildRules = (
			);
			dependencies = (
				6E4AD81E2B1C392B00147F4B /* PBXTargetDependency */,
			);
			name = jobSearchResumeTests;
			productName = jobSearchResumeTests;
			productReference = 6E4AD8192B1C392B00147F4B /* jobSearchResumeTests.xctest */;
			productType = "com.apple.product-type.bundle.unit-test";
		};
/* End PBXNativeTarget section */

/* Begin PBXProject section */
		6E36A3552B12F14600D546F5 /* Project object */ = {
			isa = PBXProject;
			attributes = {
				BuildIndependentTargetsInParallel = 1;
				LastSwiftUpdateCheck = 1500;
				LastUpgradeCheck = 1500;
				TargetAttributes = {
					6E36A35C2B12F14600D546F5 = {
						CreatedOnToolsVersion = 14.0.1;
					};
					6E4AD8182B1C392B00147F4B = {
						CreatedOnToolsVersion = 15.0.1;
						TestTargetID = 6E36A35C2B12F14600D546F5;
					};
				};
			};
			buildConfigurationList = 6E36A3582B12F14600D546F5 /* Build configuration list for PBXProject "jobSearchResume" */;
			compatibilityVersion = "Xcode 14.0";
			developmentRegion = en;
			hasScannedForEncodings = 0;
			knownRegions = (
				en,
				Base,
			);
			mainGroup = 6E36A3542B12F14600D546F5;
			productRefGroup = 6E36A35E2B12F14600D546F5 /* Products */;
			projectDirPath = "";
			projectRoot = "";
			targets = (
				6E36A35C2B12F14600D546F5 /* jobSearchResume */,
				6E4AD8182B1C392B00147F4B /* jobSearchResumeTests */,
			);
		};
/* End PBXProject section */

/* Begin PBXResourcesBuildPhase section */
		6E36A35B2B12F14600D546F5 /* Resources */ = {
			isa = PBXResourcesBuildPhase;
			buildActionMask = 2147483647;
			files = (
				6E36A3682B12F14800D546F5 /* Preview Assets.xcassets in Resources */,
				6E36A3652B12F14800D546F5 /* Assets.xcassets in Resources */,
			);
			runOnlyForDeploymentPostprocessing = 0;
		};
		6E4AD8172B1C392B00147F4B /* Resources */ = {
			isa = PBXResourcesBuildPhase;
			buildActionMask = 2147483647;
			files = (
			);
			runOnlyForDeploymentPostprocessing = 0;
		};
/* End PBXResourcesBuildPhase section */

/* Begin PBXSourcesBuildPhase section */
		6E36A3592B12F14600D546F5 /* Sources */ = {
			isa = PBXSourcesBuildPhase;
			buildActionMask = 2147483647;
			files = (
				6E4FF4972B197D5F00FC4219 /* UploadFile.swift in Sources */,
				6E36A37E2B12F40200D546F5 /* SearchBarView.swift in Sources */,
				6E4FF4A12B19A8EB00FC4219 /* ContentView.swift in Sources */,
				6E4AD8262B1C4EFE00147F4B /* ChatGPT.swift in Sources */,
				6E36A3772B12F40200D546F5 /* JobListingsResponse.swift in Sources */,
				6E4FF4912B19484B00FC4219 /* ResumeModel.swift in Sources */,
				6E36A37C2B12F40200D546F5 /* JobDetailsView.swift in Sources */,
				6E36A37A2B12F40200D546F5 /* JobListing.swift in Sources */,
				6E36A3612B12F14600D546F5 /* jobSearchResumeApp.swift in Sources */,
				6E36A3782B12F40200D546F5 /* JobListingListView.swift in Sources */,
				6E36A37D2B12F40200D546F5 /* jobSearchAPI.swift in Sources */,
				6E4FF4952B197D2800FC4219 /* ResumeParser.swift in Sources */,
			);
			runOnlyForDeploymentPostprocessing = 0;
		};
		6E4AD8152B1C392B00147F4B /* Sources */ = {
			isa = PBXSourcesBuildPhase;
			buildActionMask = 2147483647;
			files = (
				6E4AD81C2B1C392B00147F4B /* jobSearchResumeTests.swift in Sources */,
			);
			runOnlyForDeploymentPostprocessing = 0;
		};
/* End PBXSourcesBuildPhase section */

/* Begin PBXTargetDependency section */
		6E4AD81E2B1C392B00147F4B /* PBXTargetDependency */ = {
			isa = PBXTargetDependency;
			target = 6E36A35C2B12F14600D546F5 /* jobSearchResume */;
			targetProxy = 6E4AD81D2B1C392B00147F4B /* PBXContainerItemProxy */;
		};
/* End PBXTargetDependency section */

/* Begin XCBuildConfiguration section */
		6E36A3692B12F14800D546F5 /* Debug */ = {
			isa = XCBuildConfiguration;
			buildSettings = {
				ALWAYS_SEARCH_USER_PATHS = NO;
				CLANG_ANALYZER_NONNULL = YES;
				CLANG_ANALYZER_NUMBER_OBJECT_CONVERSION = YES_AGGRESSIVE;
				CLANG_CXX_LANGUAGE_STANDARD = "gnu++20";
				CLANG_ENABLE_MODULES = YES;
				CLANG_ENABLE_OBJC_ARC = YES;
				CLANG_ENABLE_OBJC_WEAK = YES;
				CLANG_WARN_BLOCK_CAPTURE_AUTORELEASING = YES;
				CLANG_WARN_BOOL_CONVERSION = YES;
				CLANG_WARN_COMMA = YES;
				CLANG_WARN_CONSTANT_CONVERSION = YES;
				CLANG_WARN_DEPRECATED_OBJC_IMPLEMENTATIONS = YES;
				CLANG_WARN_DIRECT_OBJC_ISA_USAGE = YES_ERROR;
				CLANG_WARN_DOCUMENTATION_COMMENTS = YES;
				CLANG_WARN_EMPTY_BODY = YES;
				CLANG_WARN_ENUM_CONVERSION = YES;
				CLANG_WARN_INFINITE_RECURSION = YES;
				CLANG_WARN_INT_CONVERSION = YES;
				CLANG_WARN_NON_LITERAL_NULL_CONVERSION = YES;
				CLANG_WARN_OBJC_IMPLICIT_RETAIN_SELF = YES;
				CLANG_WARN_OBJC_LITERAL_CONVERSION = YES;
				CLANG_WARN_OBJC_ROOT_CLASS = YES_ERROR;
				CLANG_WARN_QUOTED_INCLUDE_IN_FRAMEWORK_HEADER = YES;
				CLANG_WARN_RANGE_LOOP_ANALYSIS = YES;
				CLANG_WARN_STRICT_PROTOTYPES = YES;
				CLANG_WARN_SUSPICIOUS_MOVE = YES;
				CLANG_WARN_UNGUARDED_AVAILABILITY = YES_AGGRESSIVE;
				CLANG_WARN_UNREACHABLE_CODE = YES;
				CLANG_WARN__DUPLICATE_METHOD_MATCH = YES;
				COPY_PHASE_STRIP = NO;
				DEBUG_INFORMATION_FORMAT = dwarf;
				ENABLE_STRICT_OBJC_MSGSEND = YES;
				ENABLE_TESTABILITY = YES;
				ENABLE_USER_SCRIPT_SANDBOXING = YES;
				GCC_C_LANGUAGE_STANDARD = gnu11;
				GCC_DYNAMIC_NO_PIC = NO;
				GCC_NO_COMMON_BLOCKS = YES;
				GCC_OPTIMIZATION_LEVEL = 0;
				GCC_PREPROCESSOR_DEFINITIONS = (
					"DEBUG=1",
					"$(inherited)",
				);
				GCC_WARN_64_TO_32_BIT_CONVERSION = YES;
				GCC_WARN_ABOUT_RETURN_TYPE = YES_ERROR;
				GCC_WARN_UNDECLARED_SELECTOR = YES;
				GCC_WARN_UNINITIALIZED_AUTOS = YES_AGGRESSIVE;
				GCC_WARN_UNUSED_FUNCTION = YES;
				GCC_WARN_UNUSED_VARIABLE = YES;
				IPHONEOS_DEPLOYMENT_TARGET = 16.0;
				MTL_ENABLE_DEBUG_INFO = INCLUDE_SOURCE;
				MTL_FAST_MATH = YES;
				ONLY_ACTIVE_ARCH = YES;
				SDKROOT = iphoneos;
				SWIFT_ACTIVE_COMPILATION_CONDITIONS = DEBUG;
				SWIFT_OPTIMIZATION_LEVEL = "-Onone";
			};
			name = Debug;
		};
		6E36A36A2B12F14800D546F5 /* Release */ = {
			isa = XCBuildConfiguration;
			buildSettings = {
				ALWAYS_SEARCH_USER_PATHS = NO;
				CLANG_ANALYZER_NONNULL = YES;
				CLANG_ANALYZER_NUMBER_OBJECT_CONVERSION = YES_AGGRESSIVE;
				CLANG_CXX_LANGUAGE_STANDARD = "gnu++20";
				CLANG_ENABLE_MODULES = YES;
				CLANG_ENABLE_OBJC_ARC = YES;
				CLANG_ENABLE_OBJC_WEAK = YES;
				CLANG_WARN_BLOCK_CAPTURE_AUTORELEASING = YES;
				CLANG_WARN_BOOL_CONVERSION = YES;
				CLANG_WARN_COMMA = YES;
				CLANG_WARN_CONSTANT_CONVERSION = YES;
				CLANG_WARN_DEPRECATED_OBJC_IMPLEMENTATIONS = YES;
				CLANG_WARN_DIRECT_OBJC_ISA_USAGE = YES_ERROR;
				CLANG_WARN_DOCUMENTATION_COMMENTS = YES;
				CLANG_WARN_EMPTY_BODY = YES;
				CLANG_WARN_ENUM_CONVERSION = YES;
				CLANG_WARN_INFINITE_RECURSION = YES;
				CLANG_WARN_INT_CONVERSION = YES;
				CLANG_WARN_NON_LITERAL_NULL_CONVERSION = YES;
				CLANG_WARN_OBJC_IMPLICIT_RETAIN_SELF = YES;
				CLANG_WARN_OBJC_LITERAL_CONVERSION = YES;
				CLANG_WARN_OBJC_ROOT_CLASS = YES_ERROR;
				CLANG_WARN_QUOTED_INCLUDE_IN_FRAMEWORK_HEADER = YES;
				CLANG_WARN_RANGE_LOOP_ANALYSIS = YES;
				CLANG_WARN_STRICT_PROTOTYPES = YES;
				CLANG_WARN_SUSPICIOUS_MOVE = YES;
				CLANG_WARN_UNGUARDED_AVAILABILITY = YES_AGGRESSIVE;
				CLANG_WARN_UNREACHABLE_CODE = YES;
				CLANG_WARN__DUPLICATE_METHOD_MATCH = YES;
				COPY_PHASE_STRIP = NO;
				DEBUG_INFORMATION_FORMAT = "dwarf-with-dsym";
				ENABLE_NS_ASSERTIONS = NO;
				ENABLE_STRICT_OBJC_MSGSEND = YES;
				ENABLE_USER_SCRIPT_SANDBOXING = YES;
				GCC_C_LANGUAGE_STANDARD = gnu11;
				GCC_NO_COMMON_BLOCKS = YES;
				GCC_WARN_64_TO_32_BIT_CONVERSION = YES;
				GCC_WARN_ABOUT_RETURN_TYPE = YES_ERROR;
				GCC_WARN_UNDECLARED_SELECTOR = YES;
				GCC_WARN_UNINITIALIZED_AUTOS = YES_AGGRESSIVE;
				GCC_WARN_UNUSED_FUNCTION = YES;
				GCC_WARN_UNUSED_VARIABLE = YES;
				IPHONEOS_DEPLOYMENT_TARGET = 16.0;
				MTL_ENABLE_DEBUG_INFO = NO;
				MTL_FAST_MATH = YES;
				SDKROOT = iphoneos;
				SWIFT_COMPILATION_MODE = wholemodule;
				SWIFT_OPTIMIZATION_LEVEL = "-O";
				VALIDATE_PRODUCT = YES;
			};
			name = Release;
		};
		6E36A36C2B12F14800D546F5 /* Debug */ = {
			isa = XCBuildConfiguration;
			buildSettings = {
				ASSETCATALOG_COMPILER_APPICON_NAME = AppIcon;
				ASSETCATALOG_COMPILER_GLOBAL_ACCENT_COLOR_NAME = AccentColor;
				CODE_SIGN_STYLE = Automatic;
				CURRENT_PROJECT_VERSION = 1;
				DEVELOPMENT_ASSET_PATHS = "\"jobSearchResume/Preview Content\"";
				DEVELOPMENT_TEAM = 8VS7MJ696J;
				ENABLE_PREVIEWS = YES;
				GENERATE_INFOPLIST_FILE = YES;
				INFOPLIST_KEY_UIApplicationSceneManifest_Generation = YES;
				INFOPLIST_KEY_UIApplicationSupportsIndirectInputEvents = YES;
				INFOPLIST_KEY_UILaunchScreen_Generation = YES;
				INFOPLIST_KEY_UISupportedInterfaceOrientations_iPad = "UIInterfaceOrientationPortrait UIInterfaceOrientationPortraitUpsideDown UIInterfaceOrientationLandscapeLeft UIInterfaceOrientationLandscapeRight";
				INFOPLIST_KEY_UISupportedInterfaceOrientations_iPhone = "UIInterfaceOrientationPortrait UIInterfaceOrientationLandscapeLeft UIInterfaceOrientationLandscapeRight";
				LD_RUNPATH_SEARCH_PATHS = (
					"$(inherited)",
					"@executable_path/Frameworks",
				);
				MARKETING_VERSION = 1.0;
				PRODUCT_BUNDLE_IDENTIFIER = gclarke8.jobSearchResume;
				PRODUCT_NAME = "$(TARGET_NAME)";
				SWIFT_EMIT_LOC_STRINGS = YES;
				SWIFT_VERSION = 5.0;
				TARGETED_DEVICE_FAMILY = "1,2";
			};
			name = Debug;
		};
		6E36A36D2B12F14800D546F5 /* Release */ = {
			isa = XCBuildConfiguration;
			buildSettings = {
				ASSETCATALOG_COMPILER_APPICON_NAME = AppIcon;
				ASSETCATALOG_COMPILER_GLOBAL_ACCENT_COLOR_NAME = AccentColor;
				CODE_SIGN_STYLE = Automatic;
				CURRENT_PROJECT_VERSION = 1;
				DEVELOPMENT_ASSET_PATHS = "\"jobSearchResume/Preview Content\"";
				DEVELOPMENT_TEAM = 8VS7MJ696J;
				ENABLE_PREVIEWS = YES;
				GENERATE_INFOPLIST_FILE = YES;
				INFOPLIST_KEY_UIApplicationSceneManifest_Generation = YES;
				INFOPLIST_KEY_UIApplicationSupportsIndirectInputEvents = YES;
				INFOPLIST_KEY_UILaunchScreen_Generation = YES;
				INFOPLIST_KEY_UISupportedInterfaceOrientations_iPad = "UIInterfaceOrientationPortrait UIInterfaceOrientationPortraitUpsideDown UIInterfaceOrientationLandscapeLeft UIInterfaceOrientationLandscapeRight";
				INFOPLIST_KEY_UISupportedInterfaceOrientations_iPhone = "UIInterfaceOrientationPortrait UIInterfaceOrientationLandscapeLeft UIInterfaceOrientationLandscapeRight";
				LD_RUNPATH_SEARCH_PATHS = (
					"$(inherited)",
					"@executable_path/Frameworks",
				);
				MARKETING_VERSION = 1.0;
				PRODUCT_BUNDLE_IDENTIFIER = gclarke8.jobSearchResume;
				PRODUCT_NAME = "$(TARGET_NAME)";
				SWIFT_EMIT_LOC_STRINGS = YES;
				SWIFT_VERSION = 5.0;
				TARGETED_DEVICE_FAMILY = "1,2";
			};
			name = Release;
		};
		6E4AD8202B1C392B00147F4B /* Debug */ = {
			isa = XCBuildConfiguration;
			buildSettings = {
				ASSETCATALOG_COMPILER_GENERATE_SWIFT_ASSET_SYMBOL_EXTENSIONS = YES;
				BUNDLE_LOADER = "$(TEST_HOST)";
				CODE_SIGN_STYLE = Automatic;
				CURRENT_PROJECT_VERSION = 1;
				DEVELOPMENT_TEAM = 8VS7MJ696J;
				GCC_C_LANGUAGE_STANDARD = gnu17;
				GENERATE_INFOPLIST_FILE = YES;
				IPHONEOS_DEPLOYMENT_TARGET = 17.0;
				LOCALIZATION_PREFERS_STRING_CATALOGS = YES;
				MARKETING_VERSION = 1.0;
				PRODUCT_BUNDLE_IDENTIFIER = gclarke8.jobSearchResumeTests;
				PRODUCT_NAME = "$(TARGET_NAME)";
				SWIFT_ACTIVE_COMPILATION_CONDITIONS = "DEBUG $(inherited)";
				SWIFT_EMIT_LOC_STRINGS = NO;
				SWIFT_VERSION = 5.0;
				TARGETED_DEVICE_FAMILY = "1,2";
				TEST_HOST = "$(BUILT_PRODUCTS_DIR)/jobSearchResume.app/$(BUNDLE_EXECUTABLE_FOLDER_PATH)/jobSearchResume";
			};
			name = Debug;
		};
		6E4AD8212B1C392B00147F4B /* Release */ = {
			isa = XCBuildConfiguration;
			buildSettings = {
				ASSETCATALOG_COMPILER_GENERATE_SWIFT_ASSET_SYMBOL_EXTENSIONS = YES;
				BUNDLE_LOADER = "$(TEST_HOST)";
				CODE_SIGN_STYLE = Automatic;
				CURRENT_PROJECT_VERSION = 1;
				DEVELOPMENT_TEAM = 8VS7MJ696J;
				GCC_C_LANGUAGE_STANDARD = gnu17;
				GENERATE_INFOPLIST_FILE = YES;
				IPHONEOS_DEPLOYMENT_TARGET = 17.0;
				LOCALIZATION_PREFERS_STRING_CATALOGS = YES;
				MARKETING_VERSION = 1.0;
				PRODUCT_BUNDLE_IDENTIFIER = gclarke8.jobSearchResumeTests;
				PRODUCT_NAME = "$(TARGET_NAME)";
				SWIFT_EMIT_LOC_STRINGS = NO;
				SWIFT_VERSION = 5.0;
				TARGETED_DEVICE_FAMILY = "1,2";
				TEST_HOST = "$(BUILT_PRODUCTS_DIR)/jobSearchResume.app/$(BUNDLE_EXECUTABLE_FOLDER_PATH)/jobSearchResume";
			};
			name = Release;
		};
/* End XCBuildConfiguration section */

/* Begin XCConfigurationList section */
		6E36A3582B12F14600D546F5 /* Build configuration list for PBXProject "jobSearchResume" */ = {
			isa = XCConfigurationList;
			buildConfigurations = (
				6E36A3692B12F14800D546F5 /* Debug */,
				6E36A36A2B12F14800D546F5 /* Release */,
			);
			defaultConfigurationIsVisible = 0;
			defaultConfigurationName = Release;
		};
		6E36A36B2B12F14800D546F5 /* Build configuration list for PBXNativeTarget "jobSearchResume" */ = {
			isa = XCConfigurationList;
			buildConfigurations = (
				6E36A36C2B12F14800D546F5 /* Debug */,
				6E36A36D2B12F14800D546F5 /* Release */,
			);
			defaultConfigurationIsVisible = 0;
			defaultConfigurationName = Release;
		};
		6E4AD81F2B1C392B00147F4B /* Build configuration list for PBXNativeTarget "jobSearchResumeTests" */ = {
			isa = XCConfigurationList;
			buildConfigurations = (
				6E4AD8202B1C392B00147F4B /* Debug */,
				6E4AD8212B1C392B00147F4B /* Release */,
			);
			defaultConfigurationIsVisible = 0;
			defaultConfigurationName = Release;
		};
/* End XCConfigurationList section */
	};
	rootObject = 6E36A3552B12F14600D546F5 /* Project object */;
}
